
Microsoft Visual Studio Solution File, Format Version 12.00
# Visual Studio Version 16
VisualStudioVersion = 16.0.29926.136
MinimumVisualStudioVersion = 10.0.40219.1
Project("{FAE04EC0-301F-11D3-BF4B-00C04F79EFBC}") = "FantasyGoblinsUpdated", "FantasyGoblinsUpdated\FantasyGoblinsUpdated.csproj", "{ED006F0D-5935-4AF7-AFB2-795745856185}"
EndProject
Global
	GlobalSection(SolutionConfigurationPlatforms) = preSolution
		Debug|Any CPU = Debug|Any CPU
		Release|Any CPU = Release|Any CPU
	EndGlobalSection
	GlobalSection(ProjectConfigurationPlatforms) = postSolution
		{ED006F0D-5935-4AF7-AFB2-795745856185}.Debug|Any CPU.ActiveCfg = Debug|Any CPU
		{ED006F0D-5935-4AF7-AFB2-795745856185}.Debug|Any CPU.Build.0 = Debug|Any CPU
		{ED006F0D-5935-4AF7-AFB2-795745856185}.Release|Any CPU.ActiveCfg = Release|Any CPU
		{ED006F0D-5935-4AF7-AFB2-795745856185}.Release|Any CPU.Build.0 = Release|Any CPU
	EndGlobalSection
	GlobalSection(SolutionProperties) = preSolution
		HideSolutionNode = FALSE
	EndGlobalSection
	GlobalSection(ExtensibilityGlobals) = postSolution
		SolutionGuid = {BB67F1BD-3974-4865-A289-07BEAB06A165}
	EndGlobalSection
EndGlobal
